
Microsoft Visual Studio Solution File, Format Version 12.00
# Visual Studio 2012
Project("{FAE04EC0-301F-11D3-BF4B-00C04F79EFBC}") = "TSAPILIB2", "TSAPILIB2\TSAPILIB2.csproj", "{3C92F9AD-FF5B-496E-BA57-E013FD054E9F}"
EndProject
Global
	GlobalSection(TeamFoundationVersionControl) = preSolution
		SccNumberOfProjects = 2
		SccEnterpriseProvider = {4CA58AB2-18FA-4F8D-95D4-32DDF27D184C}
		SccTeamFoundationServer = http://192.168.15.213:8080/tfs/application
		SccLocalPath0 = .
		SccProjectUniqueName1 = TSAPILIB2\\TSAPILIB2.csproj
		SccProjectName1 = TSAPILIB2
		SccLocalPath1 = TSAPILIB2
	EndGlobalSection
	GlobalSection(SolutionConfigurationPlatforms) = preSolution
		Debug|Any CPU = Debug|Any CPU
		Debug|Mixed Platforms = Debug|Mixed Platforms
		Debug|x86 = Debug|x86
		Release|Any CPU = Release|Any CPU
		Release|Mixed Platforms = Release|Mixed Platforms
		Release|x86 = Release|x86
	EndGlobalSection
	GlobalSection(ProjectConfigurationPlatforms) = postSolution
		{3C92F9AD-FF5B-496E-BA57-E013FD054E9F}.Debug|Any CPU.ActiveCfg = Debug|x86
		{3C92F9AD-FF5B-496E-BA57-E013FD054E9F}.Debug|Mixed Platforms.ActiveCfg = Debug|x86
		{3C92F9AD-FF5B-496E-BA57-E013FD054E9F}.Debug|Mixed Platforms.Build.0 = Debug|x86
		{3C92F9AD-FF5B-496E-BA57-E013FD054E9F}.Debug|x86.ActiveCfg = Debug|x86
		{3C92F9AD-FF5B-496E-BA57-E013FD054E9F}.Debug|x86.Build.0 = Debug|x86
		{3C92F9AD-FF5B-496E-BA57-E013FD054E9F}.Release|Any CPU.ActiveCfg = Release|x86
		{3C92F9AD-FF5B-496E-BA57-E013FD054E9F}.Release|Mixed Platforms.ActiveCfg = Release|x86
		{3C92F9AD-FF5B-496E-BA57-E013FD054E9F}.Release|Mixed Platforms.Build.0 = Release|x86
		{3C92F9AD-FF5B-496E-BA57-E013FD054E9F}.Release|x86.ActiveCfg = Release|x86
		{3C92F9AD-FF5B-496E-BA57-E013FD054E9F}.Release|x86.Build.0 = Release|x86
	EndGlobalSection
	GlobalSection(SolutionProperties) = preSolution
		HideSolutionNode = FALSE
	EndGlobalSection
EndGlobal
